
Microsoft Visual Studio Solution File, Format Version 12.00
# Visual Studio Version 17
VisualStudioVersion = 17.6.33815.320
MinimumVisualStudioVersion = 10.0.40219.1
Project("{9A19103F-16F7-4668-BE54-9A1E7A4F7556}") = "GeoDetectorMvcApp", "GeoDetectorMvcApp.csproj", "{B2484166-5D5E-47FA-8483-0188761E8A90}"
EndProject
Project("{9A19103F-16F7-4668-BE54-9A1E7A4F7556}") = "GeoDetectorServiceWebApi", "..\GeoDetectorServiceWebApi\GeoDetectorServiceWebApi.csproj", "{6235CCBD-975C-442E-BA29-6BE6C20F8FB7}"
EndProject
Project("{9A19103F-16F7-4668-BE54-9A1E7A4F7556}") = "WeatherServiceWebApi", "..\GeoUserApi\WeatherServiceWebApi.csproj", "{E18283F8-BC6E-4142-A937-EC39205F37BD}"
EndProject
Project("{FAE04EC0-301F-11D3-BF4B-00C04F79EFBC}") = "CombinedServiceWebApi", "..\CombinedServiceWebApi\CombinedServiceWebApi.csproj", "{13E3AF57-6A7C-405E-B70D-AB20992DFC0A}"
EndProject
Global
	GlobalSection(SolutionConfigurationPlatforms) = preSolution
		Debug|Any CPU = Debug|Any CPU
		Release|Any CPU = Release|Any CPU
	EndGlobalSection
	GlobalSection(ProjectConfigurationPlatforms) = postSolution
		{B2484166-5D5E-47FA-8483-0188761E8A90}.Debug|Any CPU.ActiveCfg = Debug|Any CPU
		{B2484166-5D5E-47FA-8483-0188761E8A90}.Debug|Any CPU.Build.0 = Debug|Any CPU
		{B2484166-5D5E-47FA-8483-0188761E8A90}.Release|Any CPU.ActiveCfg = Release|Any CPU
		{B2484166-5D5E-47FA-8483-0188761E8A90}.Release|Any CPU.Build.0 = Release|Any CPU
		{6235CCBD-975C-442E-BA29-6BE6C20F8FB7}.Debug|Any CPU.ActiveCfg = Debug|Any CPU
		{6235CCBD-975C-442E-BA29-6BE6C20F8FB7}.Debug|Any CPU.Build.0 = Debug|Any CPU
		{6235CCBD-975C-442E-BA29-6BE6C20F8FB7}.Release|Any CPU.ActiveCfg = Release|Any CPU
		{6235CCBD-975C-442E-BA29-6BE6C20F8FB7}.Release|Any CPU.Build.0 = Release|Any CPU
		{E18283F8-BC6E-4142-A937-EC39205F37BD}.Debug|Any CPU.ActiveCfg = Debug|Any CPU
		{E18283F8-BC6E-4142-A937-EC39205F37BD}.Debug|Any CPU.Build.0 = Debug|Any CPU
		{E18283F8-BC6E-4142-A937-EC39205F37BD}.Release|Any CPU.ActiveCfg = Release|Any CPU
		{E18283F8-BC6E-4142-A937-EC39205F37BD}.Release|Any CPU.Build.0 = Release|Any CPU
		{13E3AF57-6A7C-405E-B70D-AB20992DFC0A}.Debug|Any CPU.ActiveCfg = Debug|Any CPU
		{13E3AF57-6A7C-405E-B70D-AB20992DFC0A}.Debug|Any CPU.Build.0 = Debug|Any CPU
		{13E3AF57-6A7C-405E-B70D-AB20992DFC0A}.Release|Any CPU.ActiveCfg = Release|Any CPU
		{13E3AF57-6A7C-405E-B70D-AB20992DFC0A}.Release|Any CPU.Build.0 = Release|Any CPU
	EndGlobalSection
	GlobalSection(SolutionProperties) = preSolution
		HideSolutionNode = FALSE
	EndGlobalSection
	GlobalSection(ExtensibilityGlobals) = postSolution
		SolutionGuid = {23E66EDF-8EAB-4F5E-ACB6-9FCFC3CD2AAA}
	EndGlobalSection
EndGlobal
